
Microsoft Visual Studio Solution File, Format Version 12.00
# Visual Studio Version 16
VisualStudioVersion = 16.0.30621.155
MinimumVisualStudioVersion = 10.0.40219.1
Project("{FAE04EC0-301F-11D3-BF4B-00C04F79EFBC}") = "TelegramBot", "TelegramBot\TelegramBot.csproj", "{7FA9570D-FE4F-4A40-B15D-1451FB5F12CD}"
EndProject
Global
	GlobalSection(SolutionConfigurationPlatforms) = preSolution
		Debug|Any CPU = Debug|Any CPU
		Release|Any CPU = Release|Any CPU
	EndGlobalSection
	GlobalSection(ProjectConfigurationPlatforms) = postSolution
		{7FA9570D-FE4F-4A40-B15D-1451FB5F12CD}.Debug|Any CPU.ActiveCfg = Debug|Any CPU
		{7FA9570D-FE4F-4A40-B15D-1451FB5F12CD}.Debug|Any CPU.Build.0 = Debug|Any CPU
		{7FA9570D-FE4F-4A40-B15D-1451FB5F12CD}.Release|Any CPU.ActiveCfg = Release|Any CPU
		{7FA9570D-FE4F-4A40-B15D-1451FB5F12CD}.Release|Any CPU.Build.0 = Release|Any CPU
	EndGlobalSection
	GlobalSection(SolutionProperties) = preSolution
		HideSolutionNode = FALSE
	EndGlobalSection
	GlobalSection(ExtensibilityGlobals) = postSolution
		SolutionGuid = {18DEC714-2664-4222-B6C6-2876DEDB6854}
	EndGlobalSection
EndGlobal
